// !$*UTF8*$!
{
	archiveVersion = 1;
	classes = {
	};
	objectVersion = 56;
	objects = {

/* Begin PBXBuildFile section */
		2E037C5D2BD1A49600AD30ED /* InsiderSDKTaskFramework.docc in Sources */ = {isa = PBXBuildFile; fileRef = 2E037C5C2BD1A49600AD30ED /* InsiderSDKTaskFramework.docc */; };
		2E037C5E2BD1A49600AD30ED /* InsiderSDKTaskFramework.h in Headers */ = {isa = PBXBuildFile; fileRef = 2E037C5B2BD1A49600AD30ED /* InsiderSDKTaskFramework.h */; settings = {ATTRIBUTES = (Public, ); }; };
		2E037C8E2BD1A52500AD30ED /* Star.swift in Sources */ = {isa = PBXBuildFile; fileRef = 2E037C8D2BD1A52500AD30ED /* Star.swift */; };
		2E037C902BD1A72800AD30ED /* SkyManager.swift in Sources */ = {isa = PBXBuildFile; fileRef = 2E037C8F2BD1A72800AD30ED /* SkyManager.swift */; };
		2E037C982BD1ACE700AD30ED /* SkyView.swift in Sources */ = {isa = PBXBuildFile; fileRef = 2E037C972BD1ACE700AD30ED /* SkyView.swift */; };
		2E037CA62BD29F5C00AD30ED /* SkyCell.swift in Sources */ = {isa = PBXBuildFile; fileRef = 2E037CA52BD29F5C00AD30ED /* SkyCell.swift */; };
/* End PBXBuildFile section */

/* Begin PBXFileReference section */
		2E037C582BD1A49600AD30ED /* InsiderSDKTaskFramework.framework */ = {isa = PBXFileReference; explicitFileType = wrapper.framework; includeInIndex = 0; path = InsiderSDKTaskFramework.framework; sourceTree = BUILT_PRODUCTS_DIR; };
		2E037C5B2BD1A49600AD30ED /* InsiderSDKTaskFramework.h */ = {isa = PBXFileReference; lastKnownFileType = sourcecode.c.h; path = InsiderSDKTaskFramework.h; sourceTree = "<group>"; };
		2E037C5C2BD1A49600AD30ED /* InsiderSDKTaskFramework.docc */ = {isa = PBXFileReference; lastKnownFileType = folder.documentationcatalog; path = InsiderSDKTaskFramework.docc; sourceTree = "<group>"; };
		2E037C8D2BD1A52500AD30ED /* Star.swift */ = {isa = PBXFileReference; lastKnownFileType = sourcecode.swift; path = Star.swift; sourceTree = "<group>"; };
		2E037C8F2BD1A72800AD30ED /* SkyManager.swift */ = {isa = PBXFileReference; lastKnownFileType = sourcecode.swift; path = SkyManager.swift; sourceTree = "<group>"; };
		2E037C972BD1ACE700AD30ED /* SkyView.swift */ = {isa = PBXFileReference; lastKnownFileType = sourcecode.swift; path = SkyView.swift; sourceTree = "<group>"; };
		2E037CA52BD29F5C00AD30ED /* SkyCell.swift */ = {isa = PBXFileReference; lastKnownFileType = sourcecode.swift; path = SkyCell.swift; sourceTree = "<group>"; };
/* End PBXFileReference section */

/* Begin PBXFrameworksBuildPhase section */
		2E037C552BD1A49600AD30ED /* Frameworks */ = {
			isa = PBXFrameworksBuildPhase;
			buildActionMask = 2147483647;
			files = (
			);
			runOnlyForDeploymentPostprocessing = 0;
		};
/* End PBXFrameworksBuildPhase section */

/* Begin PBXGroup section */
		2E037C4E2BD1A49600AD30ED = {
			isa = PBXGroup;
			children = (
				2E037C5A2BD1A49600AD30ED /* InsiderSDKTaskFramework */,
				2E037C592BD1A49600AD30ED /* Products */,
			);
			sourceTree = "<group>";
		};
		2E037C592BD1A49600AD30ED /* Products */ = {
			isa = PBXGroup;
			children = (
				2E037C582BD1A49600AD30ED /* InsiderSDKTaskFramework.framework */,
			);
			name = Products;
			sourceTree = "<group>";
		};
		2E037C5A2BD1A49600AD30ED /* InsiderSDKTaskFramework */ = {
			isa = PBXGroup;
			children = (
				2E037C5B2BD1A49600AD30ED /* InsiderSDKTaskFramework.h */,
				2E037C5C2BD1A49600AD30ED /* InsiderSDKTaskFramework.docc */,
				2E037C8D2BD1A52500AD30ED /* Star.swift */,
				2E037C8F2BD1A72800AD30ED /* SkyManager.swift */,
				2E037C972BD1ACE700AD30ED /* SkyView.swift */,
				2E037CA52BD29F5C00AD30ED /* SkyCell.swift */,
			);
			path = InsiderSDKTaskFramework;
			sourceTree = "<group>";
		};
/* End PBXGroup section */

/* Begin PBXHeadersBuildPhase section */
		2E037C532BD1A49600AD30ED /* Headers */ = {
			isa = PBXHeadersBuildPhase;
			buildActionMask = 2147483647;
			files = (
				2E037C5E2BD1A49600AD30ED /* InsiderSDKTaskFramework.h in Headers */,
			);
			runOnlyForDeploymentPostprocessing = 0;
		};
/* End PBXHeadersBuildPhase section */

/* Begin PBXNativeTarget section */
		2E037C572BD1A49600AD30ED /* InsiderSDKTaskFramework */ = {
			isa = PBXNativeTarget;
			buildConfigurationList = 2E037C612BD1A49600AD30ED /* Build configuration list for PBXNativeTarget "InsiderSDKTaskFramework" */;
			buildPhases = (
				2E037C532BD1A49600AD30ED /* Headers */,
				2E037C542BD1A49600AD30ED /* Sources */,
				2E037C552BD1A49600AD30ED /* Frameworks */,
				2E037C562BD1A49600AD30ED /* Resources */,
			);
			buildRules = (
			);
			dependencies = (
			);
			name = InsiderSDKTaskFramework;
			productName = InsiderSDKTaskFramework;
			productReference = 2E037C582BD1A49600AD30ED /* InsiderSDKTaskFramework.framework */;
			productType = "com.apple.product-type.framework";
		};
/* End PBXNativeTarget section */

/* Begin PBXProject section */
		2E037C4F2BD1A49600AD30ED /* Project object */ = {
			isa = PBXProject;
			attributes = {
				BuildIndependentTargetsInParallel = 1;
				LastUpgradeCheck = 1500;
				TargetAttributes = {
					2E037C572BD1A49600AD30ED = {
						CreatedOnToolsVersion = 15.0;
					};
				};
			};
			buildConfigurationList = 2E037C522BD1A49600AD30ED /* Build configuration list for PBXProject "InsiderSDKTaskFramework" */;
			compatibilityVersion = "Xcode 14.0";
			developmentRegion = en;
			hasScannedForEncodings = 0;
			knownRegions = (
				en,
				Base,
			);
			mainGroup = 2E037C4E2BD1A49600AD30ED;
			productRefGroup = 2E037C592BD1A49600AD30ED /* Products */;
			projectDirPath = "";
			projectRoot = "";
			targets = (
				2E037C572BD1A49600AD30ED /* InsiderSDKTaskFramework */,
			);
		};
/* End PBXProject section */

/* Begin PBXResourcesBuildPhase section */
		2E037C562BD1A49600AD30ED /* Resources */ = {
			isa = PBXResourcesBuildPhase;
			buildActionMask = 2147483647;
			files = (
			);
			runOnlyForDeploymentPostprocessing = 0;
		};
/* End PBXResourcesBuildPhase section */

/* Begin PBXSourcesBuildPhase section */
		2E037C542BD1A49600AD30ED /* Sources */ = {
			isa = PBXSourcesBuildPhase;
			buildActionMask = 2147483647;
			files = (
				2E037C982BD1ACE700AD30ED /* SkyView.swift in Sources */,
				2E037CA62BD29F5C00AD30ED /* SkyCell.swift in Sources */,
				2E037C8E2BD1A52500AD30ED /* Star.swift in Sources */,
				2E037C902BD1A72800AD30ED /* SkyManager.swift in Sources */,
				2E037C5D2BD1A49600AD30ED /* InsiderSDKTaskFramework.docc in Sources */,
			);
			runOnlyForDeploymentPostprocessing = 0;
		};
/* End PBXSourcesBuildPhase section */

/* Begin XCBuildConfiguration section */
		2E037C5F2BD1A49600AD30ED /* Debug */ = {
			isa = XCBuildConfiguration;
			buildSettings = {
				ALWAYS_SEARCH_USER_PATHS = NO;
				ASSETCATALOG_COMPILER_GENERATE_SWIFT_ASSET_SYMBOL_EXTENSIONS = YES;
				CLANG_ANALYZER_NONNULL = YES;
				CLANG_ANALYZER_NUMBER_OBJECT_CONVERSION = YES_AGGRESSIVE;
				CLANG_CXX_LANGUAGE_STANDARD = "gnu++20";
				CLANG_ENABLE_MODULES = YES;
				CLANG_ENABLE_OBJC_ARC = YES;
				CLANG_ENABLE_OBJC_WEAK = YES;
				CLANG_WARN_BLOCK_CAPTURE_AUTORELEASING = YES;
				CLANG_WARN_BOOL_CONVERSION = YES;
				CLANG_WARN_COMMA = YES;
				CLANG_WARN_CONSTANT_CONVERSION = YES;
				CLANG_WARN_DEPRECATED_OBJC_IMPLEMENTATIONS = YES;
				CLANG_WARN_DIRECT_OBJC_ISA_USAGE = YES_ERROR;
				CLANG_WARN_DOCUMENTATION_COMMENTS = YES;
				CLANG_WARN_EMPTY_BODY = YES;
				CLANG_WARN_ENUM_CONVERSION = YES;
				CLANG_WARN_INFINITE_RECURSION = YES;
				CLANG_WARN_INT_CONVERSION = YES;
				CLANG_WARN_NON_LITERAL_NULL_CONVERSION = YES;
				CLANG_WARN_OBJC_IMPLICIT_RETAIN_SELF = YES;
				CLANG_WARN_OBJC_LITERAL_CONVERSION = YES;
				CLANG_WARN_OBJC_ROOT_CLASS = YES_ERROR;
				CLANG_WARN_QUOTED_INCLUDE_IN_FRAMEWORK_HEADER = YES;
				CLANG_WARN_RANGE_LOOP_ANALYSIS = YES;
				CLANG_WARN_STRICT_PROTOTYPES = YES;
				CLANG_WARN_SUSPICIOUS_MOVE = YES;
				CLANG_WARN_UNGUARDED_AVAILABILITY = YES_AGGRESSIVE;
				CLANG_WARN_UNREACHABLE_CODE = YES;
				CLANG_WARN__DUPLICATE_METHOD_MATCH = YES;
				COPY_PHASE_STRIP = NO;
				CURRENT_PROJECT_VERSION = 1;
				DEBUG_INFORMATION_FORMAT = dwarf;
				ENABLE_STRICT_OBJC_MSGSEND = YES;
				ENABLE_TESTABILITY = YES;
				ENABLE_USER_SCRIPT_SANDBOXING = YES;
				GCC_C_LANGUAGE_STANDARD = gnu17;
				GCC_DYNAMIC_NO_PIC = NO;
				GCC_NO_COMMON_BLOCKS = YES;
				GCC_OPTIMIZATION_LEVEL = 0;
				GCC_PREPROCESSOR_DEFINITIONS = (
					"DEBUG=1",
					"$(inherited)",
				);
				GCC_WARN_64_TO_32_BIT_CONVERSION = YES;
				GCC_WARN_ABOUT_RETURN_TYPE = YES_ERROR;
				GCC_WARN_UNDECLARED_SELECTOR = YES;
				GCC_WARN_UNINITIALIZED_AUTOS = YES_AGGRESSIVE;
				GCC_WARN_UNUSED_FUNCTION = YES;
				GCC_WARN_UNUSED_VARIABLE = YES;
				IPHONEOS_DEPLOYMENT_TARGET = 17.0;
				LOCALIZATION_PREFERS_STRING_CATALOGS = YES;
				MTL_ENABLE_DEBUG_INFO = INCLUDE_SOURCE;
				MTL_FAST_MATH = YES;
				ONLY_ACTIVE_ARCH = YES;
				SDKROOT = iphoneos;
				SWIFT_ACTIVE_COMPILATION_CONDITIONS = "DEBUG $(inherited)";
				SWIFT_OPTIMIZATION_LEVEL = "-Onone";
				VERSIONING_SYSTEM = "apple-generic";
				VERSION_INFO_PREFIX = "";
			};
			name = Debug;
		};
		2E037C602BD1A49600AD30ED /* Release */ = {
			isa = XCBuildConfiguration;
			buildSettings = {
				ALWAYS_SEARCH_USER_PATHS = NO;
				ASSETCATALOG_COMPILER_GENERATE_SWIFT_ASSET_SYMBOL_EXTENSIONS = YES;
				CLANG_ANALYZER_NONNULL = YES;
				CLANG_ANALYZER_NUMBER_OBJECT_CONVERSION = YES_AGGRESSIVE;
				CLANG_CXX_LANGUAGE_STANDARD = "gnu++20";
				CLANG_ENABLE_MODULES = YES;
				CLANG_ENABLE_OBJC_ARC = YES;
				CLANG_ENABLE_OBJC_WEAK = YES;
				CLANG_WARN_BLOCK_CAPTURE_AUTORELEASING = YES;
				CLANG_WARN_BOOL_CONVERSION = YES;
				CLANG_WARN_COMMA = YES;
				CLANG_WARN_CONSTANT_CONVERSION = YES;
				CLANG_WARN_DEPRECATED_OBJC_IMPLEMENTATIONS = YES;
				CLANG_WARN_DIRECT_OBJC_ISA_USAGE = YES_ERROR;
				CLANG_WARN_DOCUMENTATION_COMMENTS = YES;
				CLANG_WARN_EMPTY_BODY = YES;
				CLANG_WARN_ENUM_CONVERSION = YES;
				CLANG_WARN_INFINITE_RECURSION = YES;
				CLANG_WARN_INT_CONVERSION = YES;
				CLANG_WARN_NON_LITERAL_NULL_CONVERSION = YES;
				CLANG_WARN_OBJC_IMPLICIT_RETAIN_SELF = YES;
				CLANG_WARN_OBJC_LITERAL_CONVERSION = YES;
				CLANG_WARN_OBJC_ROOT_CLASS = YES_ERROR;
				CLANG_WARN_QUOTED_INCLUDE_IN_FRAMEWORK_HEADER = YES;
				CLANG_WARN_RANGE_LOOP_ANALYSIS = YES;
				CLANG_WARN_STRICT_PROTOTYPES = YES;
				CLANG_WARN_SUSPICIOUS_MOVE = YES;
				CLANG_WARN_UNGUARDED_AVAILABILITY = YES_AGGRESSIVE;
				CLANG_WARN_UNREACHABLE_CODE = YES;
				CLANG_WARN__DUPLICATE_METHOD_MATCH = YES;
				COPY_PHASE_STRIP = NO;
				CURRENT_PROJECT_VERSION = 1;
				DEBUG_INFORMATION_FORMAT = "dwarf-with-dsym";
				ENABLE_NS_ASSERTIONS = NO;
				ENABLE_STRICT_OBJC_MSGSEND = YES;
				ENABLE_USER_SCRIPT_SANDBOXING = YES;
				GCC_C_LANGUAGE_STANDARD = gnu17;
				GCC_NO_COMMON_BLOCKS = YES;
				GCC_WARN_64_TO_32_BIT_CONVERSION = YES;
				GCC_WARN_ABOUT_RETURN_TYPE = YES_ERROR;
				GCC_WARN_UNDECLARED_SELECTOR = YES;
				GCC_WARN_UNINITIALIZED_AUTOS = YES_AGGRESSIVE;
				GCC_WARN_UNUSED_FUNCTION = YES;
				GCC_WARN_UNUSED_VARIABLE = YES;
				IPHONEOS_DEPLOYMENT_TARGET = 17.0;
				LOCALIZATION_PREFERS_STRING_CATALOGS = YES;
				MTL_ENABLE_DEBUG_INFO = NO;
				MTL_FAST_MATH = YES;
				SDKROOT = iphoneos;
				SWIFT_COMPILATION_MODE = wholemodule;
				VALIDATE_PRODUCT = YES;
				VERSIONING_SYSTEM = "apple-generic";
				VERSION_INFO_PREFIX = "";
			};
			name = Release;
		};
		2E037C622BD1A49600AD30ED /* Debug */ = {
			isa = XCBuildConfiguration;
			buildSettings = {
				CODE_SIGN_STYLE = Automatic;
				CURRENT_PROJECT_VERSION = 1;
				DEFINES_MODULE = YES;
				DEVELOPMENT_TEAM = UQ2PGP2A29;
				DYLIB_COMPATIBILITY_VERSION = 1;
				DYLIB_CURRENT_VERSION = 1;
				DYLIB_INSTALL_NAME_BASE = "@rpath";
				ENABLE_MODULE_VERIFIER = YES;
				GENERATE_INFOPLIST_FILE = YES;
				INFOPLIST_KEY_NSHumanReadableCopyright = "";
				INSTALL_PATH = "$(LOCAL_LIBRARY_DIR)/Frameworks";
				LD_RUNPATH_SEARCH_PATHS = (
					"$(inherited)",
					"@executable_path/Frameworks",
					"@loader_path/Frameworks",
				);
				MARKETING_VERSION = 1.0;
				MODULE_VERIFIER_SUPPORTED_LANGUAGES = "objective-c objective-c++";
				MODULE_VERIFIER_SUPPORTED_LANGUAGE_STANDARDS = "gnu17 gnu++20";
				PRODUCT_BUNDLE_IDENTIFIER = com.teytey.InsiderSDKTaskFramework;
				PRODUCT_NAME = "$(TARGET_NAME:c99extidentifier)";
				SKIP_INSTALL = YES;
				SWIFT_EMIT_LOC_STRINGS = YES;
				SWIFT_VERSION = 5.0;
				TARGETED_DEVICE_FAMILY = "1,2";
			};
			name = Debug;
		};
		2E037C632BD1A49600AD30ED /* Release */ = {
			isa = XCBuildConfiguration;
			buildSettings = {
				CODE_SIGN_STYLE = Automatic;
				CURRENT_PROJECT_VERSION = 1;
				DEFINES_MODULE = YES;
				DEVELOPMENT_TEAM = UQ2PGP2A29;
				DYLIB_COMPATIBILITY_VERSION = 1;
				DYLIB_CURRENT_VERSION = 1;
				DYLIB_INSTALL_NAME_BASE = "@rpath";
				ENABLE_MODULE_VERIFIER = YES;
				GENERATE_INFOPLIST_FILE = YES;
				INFOPLIST_KEY_NSHumanReadableCopyright = "";
				INSTALL_PATH = "$(LOCAL_LIBRARY_DIR)/Frameworks";
				LD_RUNPATH_SEARCH_PATHS = (
					"$(inherited)",
					"@executable_path/Frameworks",
					"@loader_path/Frameworks",
				);
				MARKETING_VERSION = 1.0;
				MODULE_VERIFIER_SUPPORTED_LANGUAGES = "objective-c objective-c++";
				MODULE_VERIFIER_SUPPORTED_LANGUAGE_STANDARDS = "gnu17 gnu++20";
				PRODUCT_BUNDLE_IDENTIFIER = com.teytey.InsiderSDKTaskFramework;
				PRODUCT_NAME = "$(TARGET_NAME:c99extidentifier)";
				SKIP_INSTALL = YES;
				SWIFT_EMIT_LOC_STRINGS = YES;
				SWIFT_VERSION = 5.0;
				TARGETED_DEVICE_FAMILY = "1,2";
			};
			name = Release;
		};
/* End XCBuildConfiguration section */

/* Begin XCConfigurationList section */
		2E037C522BD1A49600AD30ED /* Build configuration list for PBXProject "InsiderSDKTaskFramework" */ = {
			isa = XCConfigurationList;
			buildConfigurations = (
				2E037C5F2BD1A49600AD30ED /* Debug */,
				2E037C602BD1A49600AD30ED /* Release */,
			);
			defaultConfigurationIsVisible = 0;
			defaultConfigurationName = Release;
		};
		2E037C612BD1A49600AD30ED /* Build configuration list for PBXNativeTarget "InsiderSDKTaskFramework" */ = {
			isa = XCConfigurationList;
			buildConfigurations = (
				2E037C622BD1A49600AD30ED /* Debug */,
				2E037C632BD1A49600AD30ED /* Release */,
			);
			defaultConfigurationIsVisible = 0;
			defaultConfigurationName = Release;
		};
/* End XCConfigurationList section */
	};
	rootObject = 2E037C4F2BD1A49600AD30ED /* Project object */;
}
